
Microsoft Visual Studio Solution File, Format Version 12.00
# Visual Studio 15
VisualStudioVersion = 15.0.28307.168
MinimumVisualStudioVersion = 10.0.40219.1
Project("{FAE04EC0-301F-11D3-BF4B-00C04F79EFBC}") = "CharacterData", "WindowsFormsApp1\CharacterData.csproj", "{65053964-713A-4FA2-AC8E-1152531155BC}"
EndProject
Project("{2150E333-8FDC-42A3-9474-1A3956D46DE8}") = "Solution Items", "Solution Items", "{557A1CE9-DF0D-4812-8B27-C946D7E0111A}"
	ProjectSection(SolutionItems) = preProject
		Data.sql = Data.sql
		Functions.sql = Functions.sql
		Procedures.sql = Procedures.sql
		Schemas.sql = Schemas.sql
		Tables.sql = Tables.sql
	EndProjectSection
EndProject
Global
	GlobalSection(SolutionConfigurationPlatforms) = preSolution
		Debug|Any CPU = Debug|Any CPU
		Release|Any CPU = Release|Any CPU
	EndGlobalSection
	GlobalSection(ProjectConfigurationPlatforms) = postSolution
		{65053964-713A-4FA2-AC8E-1152531155BC}.Debug|Any CPU.ActiveCfg = Debug|Any CPU
		{65053964-713A-4FA2-AC8E-1152531155BC}.Debug|Any CPU.Build.0 = Debug|Any CPU
		{65053964-713A-4FA2-AC8E-1152531155BC}.Release|Any CPU.ActiveCfg = Release|Any CPU
		{65053964-713A-4FA2-AC8E-1152531155BC}.Release|Any CPU.Build.0 = Release|Any CPU
	EndGlobalSection
	GlobalSection(SolutionProperties) = preSolution
		HideSolutionNode = FALSE
	EndGlobalSection
	GlobalSection(ExtensibilityGlobals) = postSolution
		SolutionGuid = {047778ED-3F46-4993-8745-02393D4762CD}
	EndGlobalSection
EndGlobal
